
Microsoft Visual Studio Solution File, Format Version 12.00
# Visual Studio Version 16
VisualStudioVersion = 16.0.31229.75
MinimumVisualStudioVersion = 10.0.40219.1
Project("{2150E333-8FDC-42A3-9474-1A3956D46DE8}") = "src", "src", "{5D670D9F-6529-43C6-A6FE-856A6C137D25}"
EndProject
Project("{2150E333-8FDC-42A3-9474-1A3956D46DE8}") = "Services", "Services", "{87A94579-754D-4ADD-8E5C-A7040CC553EE}"
EndProject
Project("{2150E333-8FDC-42A3-9474-1A3956D46DE8}") = "Identity", "Identity", "{25676C94-0B50-4F87-B917-BB8581DEC372}"
EndProject
Project("{9A19103F-16F7-4668-BE54-9A1E7A4F7556}") = "Identity.Domain", "src\Services\Identity\Identity.Domain\Identity.Domain.csproj", "{5CF560B0-4F5B-416B-B383-78E7DBDD972D}"
EndProject
Project("{9A19103F-16F7-4668-BE54-9A1E7A4F7556}") = "Identity.Application", "src\Services\Identity\Identity.Application\Identity.Application.csproj", "{C6B8CF16-5593-44B4-BFF3-A6E7F63E159A}"
EndProject
Project("{9A19103F-16F7-4668-BE54-9A1E7A4F7556}") = "Identity.Infrastructure", "src\Services\Identity\Identity.Infrastructure\Identity.Infrastructure.csproj", "{C6F01AF6-FC69-473B-8DF9-1DAB665ECEC6}"
EndProject
Project("{9A19103F-16F7-4668-BE54-9A1E7A4F7556}") = "Identity.Api", "src\Services\Identity\Identity.Api\Identity.Api.csproj", "{0E6DB0CF-5FD2-4B68-A2A4-ADA0D446E53F}"
EndProject
Project("{2150E333-8FDC-42A3-9474-1A3956D46DE8}") = "Infrastructure", "Infrastructure", "{0D051267-F91A-4BF1-83E0-F3B2E70C7ACD}"
EndProject
Project("{2150E333-8FDC-42A3-9474-1A3956D46DE8}") = "EventBus", "EventBus", "{59097D80-75A1-465B-9EFC-CFA2ED6ACCF2}"
EndProject
Project("{9A19103F-16F7-4668-BE54-9A1E7A4F7556}") = "EventBus", "src\Infrastructure\EventBus\EventBus\EventBus.csproj", "{658170C9-3006-4C33-B0FD-23EDCBC880DF}"
EndProject
Project("{9A19103F-16F7-4668-BE54-9A1E7A4F7556}") = "EventRabbitMQBus", "src\Infrastructure\EventBus\EventCMQBus\EventRabbitMQBus\EventRabbitMQBus.csproj", "{B5F16708-7900-4C43-A7EB-7C2130952E30}"
EndProject
Project("{9A19103F-16F7-4668-BE54-9A1E7A4F7556}") = "EventBus.Test", "src\Infrastructure\EventBus\EventBus.Test\EventBus.Test.csproj", "{768980A9-F5CE-4AEE-A810-78BF45052B2A}"
EndProject
Project("{9A19103F-16F7-4668-BE54-9A1E7A4F7556}") = "SCR.Test", "SCR.Test\SCR.Test.csproj", "{AC666B89-91A8-4890-877B-52A0AA15F75F}"
EndProject
Project("{FAE04EC0-301F-11D3-BF4B-00C04F79EFBC}") = "SCR.Common", "src\Infrastructure\SCR.Common\SCR.Common.csproj", "{A7108A50-1F71-4034-9E95-99241428CD96}"
EndProject
Project("{FAE04EC0-301F-11D3-BF4B-00C04F79EFBC}") = "Identity.IApplication", "src\Services\Identity\Identity.IApplication\Identity.IApplication.csproj", "{076783ED-6D59-4C02-AA62-B4C6DD19003C}"
EndProject
Project("{FAE04EC0-301F-11D3-BF4B-00C04F79EFBC}") = "Identity.UnitTest", "src\Services\Identity\Identity.UnitTest\Identity.UnitTest.csproj", "{6A0CAC4F-BAD2-4AE3-98F5-6F52F6E96ABD}"
EndProject
Project("{2150E333-8FDC-42A3-9474-1A3956D46DE8}") = "Category", "Category", "{EAFE605D-0208-42DB-B991-AD1886AAEC18}"
EndProject
Project("{FAE04EC0-301F-11D3-BF4B-00C04F79EFBC}") = "Category.Api", "src\Services\Category\Category.Api\Category.Api.csproj", "{959C4113-C9FB-43E6-BA03-D5ECEC3AD900}"
EndProject
Project("{2150E333-8FDC-42A3-9474-1A3956D46DE8}") = "Common", "Common", "{68755265-71CF-42B4-BF51-BA8C76DF9672}"
EndProject
Project("{FAE04EC0-301F-11D3-BF4B-00C04F79EFBC}") = "Services.Common", "src\Services\Common\Services.Common\Services.Common.csproj", "{A58BA79C-6BB5-476F-AF21-A9EFCFE1D928}"
EndProject
Project("{2150E333-8FDC-42A3-9474-1A3956D46DE8}") = "Product", "Product", "{2D231B40-2EC1-4EB1-A6A3-ECA6E22A9EC7}"
EndProject
Project("{FAE04EC0-301F-11D3-BF4B-00C04F79EFBC}") = "Product.Api", "src\Services\Product\Product.Api\Product.Api.csproj", "{3E2AA431-C5CD-4CCC-987D-B91AD10CA8D3}"
EndProject
Global
	GlobalSection(SolutionConfigurationPlatforms) = preSolution
		Debug|Any CPU = Debug|Any CPU
		Release|Any CPU = Release|Any CPU
	EndGlobalSection
	GlobalSection(ProjectConfigurationPlatforms) = postSolution
		{5CF560B0-4F5B-416B-B383-78E7DBDD972D}.Debug|Any CPU.ActiveCfg = Debug|Any CPU
		{5CF560B0-4F5B-416B-B383-78E7DBDD972D}.Debug|Any CPU.Build.0 = Debug|Any CPU
		{5CF560B0-4F5B-416B-B383-78E7DBDD972D}.Release|Any CPU.ActiveCfg = Release|Any CPU
		{5CF560B0-4F5B-416B-B383-78E7DBDD972D}.Release|Any CPU.Build.0 = Release|Any CPU
		{C6B8CF16-5593-44B4-BFF3-A6E7F63E159A}.Debug|Any CPU.ActiveCfg = Debug|Any CPU
		{C6B8CF16-5593-44B4-BFF3-A6E7F63E159A}.Debug|Any CPU.Build.0 = Debug|Any CPU
		{C6B8CF16-5593-44B4-BFF3-A6E7F63E159A}.Release|Any CPU.ActiveCfg = Release|Any CPU
		{C6B8CF16-5593-44B4-BFF3-A6E7F63E159A}.Release|Any CPU.Build.0 = Release|Any CPU
		{C6F01AF6-FC69-473B-8DF9-1DAB665ECEC6}.Debug|Any CPU.ActiveCfg = Debug|Any CPU
		{C6F01AF6-FC69-473B-8DF9-1DAB665ECEC6}.Debug|Any CPU.Build.0 = Debug|Any CPU
		{C6F01AF6-FC69-473B-8DF9-1DAB665ECEC6}.Release|Any CPU.ActiveCfg = Release|Any CPU
		{C6F01AF6-FC69-473B-8DF9-1DAB665ECEC6}.Release|Any CPU.Build.0 = Release|Any CPU
		{0E6DB0CF-5FD2-4B68-A2A4-ADA0D446E53F}.Debug|Any CPU.ActiveCfg = Debug|Any CPU
		{0E6DB0CF-5FD2-4B68-A2A4-ADA0D446E53F}.Debug|Any CPU.Build.0 = Debug|Any CPU
		{0E6DB0CF-5FD2-4B68-A2A4-ADA0D446E53F}.Release|Any CPU.ActiveCfg = Release|Any CPU
		{0E6DB0CF-5FD2-4B68-A2A4-ADA0D446E53F}.Release|Any CPU.Build.0 = Release|Any CPU
		{658170C9-3006-4C33-B0FD-23EDCBC880DF}.Debug|Any CPU.ActiveCfg = Debug|Any CPU
		{658170C9-3006-4C33-B0FD-23EDCBC880DF}.Debug|Any CPU.Build.0 = Debug|Any CPU
		{658170C9-3006-4C33-B0FD-23EDCBC880DF}.Release|Any CPU.ActiveCfg = Release|Any CPU
		{658170C9-3006-4C33-B0FD-23EDCBC880DF}.Release|Any CPU.Build.0 = Release|Any CPU
		{B5F16708-7900-4C43-A7EB-7C2130952E30}.Debug|Any CPU.ActiveCfg = Debug|Any CPU
		{B5F16708-7900-4C43-A7EB-7C2130952E30}.Debug|Any CPU.Build.0 = Debug|Any CPU
		{B5F16708-7900-4C43-A7EB-7C2130952E30}.Release|Any CPU.ActiveCfg = Release|Any CPU
		{B5F16708-7900-4C43-A7EB-7C2130952E30}.Release|Any CPU.Build.0 = Release|Any CPU
		{768980A9-F5CE-4AEE-A810-78BF45052B2A}.Debug|Any CPU.ActiveCfg = Debug|Any CPU
		{768980A9-F5CE-4AEE-A810-78BF45052B2A}.Debug|Any CPU.Build.0 = Debug|Any CPU
		{768980A9-F5CE-4AEE-A810-78BF45052B2A}.Release|Any CPU.ActiveCfg = Release|Any CPU
		{768980A9-F5CE-4AEE-A810-78BF45052B2A}.Release|Any CPU.Build.0 = Release|Any CPU
		{AC666B89-91A8-4890-877B-52A0AA15F75F}.Debug|Any CPU.ActiveCfg = Debug|Any CPU
		{AC666B89-91A8-4890-877B-52A0AA15F75F}.Debug|Any CPU.Build.0 = Debug|Any CPU
		{AC666B89-91A8-4890-877B-52A0AA15F75F}.Release|Any CPU.ActiveCfg = Release|Any CPU
		{AC666B89-91A8-4890-877B-52A0AA15F75F}.Release|Any CPU.Build.0 = Release|Any CPU
		{A7108A50-1F71-4034-9E95-99241428CD96}.Debug|Any CPU.ActiveCfg = Debug|Any CPU
		{A7108A50-1F71-4034-9E95-99241428CD96}.Debug|Any CPU.Build.0 = Debug|Any CPU
		{A7108A50-1F71-4034-9E95-99241428CD96}.Release|Any CPU.ActiveCfg = Release|Any CPU
		{A7108A50-1F71-4034-9E95-99241428CD96}.Release|Any CPU.Build.0 = Release|Any CPU
		{076783ED-6D59-4C02-AA62-B4C6DD19003C}.Debug|Any CPU.ActiveCfg = Debug|Any CPU
		{076783ED-6D59-4C02-AA62-B4C6DD19003C}.Debug|Any CPU.Build.0 = Debug|Any CPU
		{076783ED-6D59-4C02-AA62-B4C6DD19003C}.Release|Any CPU.ActiveCfg = Release|Any CPU
		{076783ED-6D59-4C02-AA62-B4C6DD19003C}.Release|Any CPU.Build.0 = Release|Any CPU
		{6A0CAC4F-BAD2-4AE3-98F5-6F52F6E96ABD}.Debug|Any CPU.ActiveCfg = Debug|Any CPU
		{6A0CAC4F-BAD2-4AE3-98F5-6F52F6E96ABD}.Debug|Any CPU.Build.0 = Debug|Any CPU
		{6A0CAC4F-BAD2-4AE3-98F5-6F52F6E96ABD}.Release|Any CPU.ActiveCfg = Release|Any CPU
		{6A0CAC4F-BAD2-4AE3-98F5-6F52F6E96ABD}.Release|Any CPU.Build.0 = Release|Any CPU
		{959C4113-C9FB-43E6-BA03-D5ECEC3AD900}.Debug|Any CPU.ActiveCfg = Debug|Any CPU
		{959C4113-C9FB-43E6-BA03-D5ECEC3AD900}.Debug|Any CPU.Build.0 = Debug|Any CPU
		{959C4113-C9FB-43E6-BA03-D5ECEC3AD900}.Release|Any CPU.ActiveCfg = Release|Any CPU
		{959C4113-C9FB-43E6-BA03-D5ECEC3AD900}.Release|Any CPU.Build.0 = Release|Any CPU
		{A58BA79C-6BB5-476F-AF21-A9EFCFE1D928}.Debug|Any CPU.ActiveCfg = Debug|Any CPU
		{A58BA79C-6BB5-476F-AF21-A9EFCFE1D928}.Debug|Any CPU.Build.0 = Debug|Any CPU
		{A58BA79C-6BB5-476F-AF21-A9EFCFE1D928}.Release|Any CPU.ActiveCfg = Release|Any CPU
		{A58BA79C-6BB5-476F-AF21-A9EFCFE1D928}.Release|Any CPU.Build.0 = Release|Any CPU
		{3E2AA431-C5CD-4CCC-987D-B91AD10CA8D3}.Debug|Any CPU.ActiveCfg = Debug|Any CPU
		{3E2AA431-C5CD-4CCC-987D-B91AD10CA8D3}.Debug|Any CPU.Build.0 = Debug|Any CPU
		{3E2AA431-C5CD-4CCC-987D-B91AD10CA8D3}.Release|Any CPU.ActiveCfg = Release|Any CPU
		{3E2AA431-C5CD-4CCC-987D-B91AD10CA8D3}.Release|Any CPU.Build.0 = Release|Any CPU
	EndGlobalSection
	GlobalSection(SolutionProperties) = preSolution
		HideSolutionNode = FALSE
	EndGlobalSection
	GlobalSection(NestedProjects) = preSolution
		{87A94579-754D-4ADD-8E5C-A7040CC553EE} = {5D670D9F-6529-43C6-A6FE-856A6C137D25}
		{25676C94-0B50-4F87-B917-BB8581DEC372} = {87A94579-754D-4ADD-8E5C-A7040CC553EE}
		{5CF560B0-4F5B-416B-B383-78E7DBDD972D} = {25676C94-0B50-4F87-B917-BB8581DEC372}
		{C6B8CF16-5593-44B4-BFF3-A6E7F63E159A} = {25676C94-0B50-4F87-B917-BB8581DEC372}
		{C6F01AF6-FC69-473B-8DF9-1DAB665ECEC6} = {25676C94-0B50-4F87-B917-BB8581DEC372}
		{0E6DB0CF-5FD2-4B68-A2A4-ADA0D446E53F} = {25676C94-0B50-4F87-B917-BB8581DEC372}
		{0D051267-F91A-4BF1-83E0-F3B2E70C7ACD} = {5D670D9F-6529-43C6-A6FE-856A6C137D25}
		{59097D80-75A1-465B-9EFC-CFA2ED6ACCF2} = {0D051267-F91A-4BF1-83E0-F3B2E70C7ACD}
		{658170C9-3006-4C33-B0FD-23EDCBC880DF} = {59097D80-75A1-465B-9EFC-CFA2ED6ACCF2}
		{B5F16708-7900-4C43-A7EB-7C2130952E30} = {59097D80-75A1-465B-9EFC-CFA2ED6ACCF2}
		{768980A9-F5CE-4AEE-A810-78BF45052B2A} = {59097D80-75A1-465B-9EFC-CFA2ED6ACCF2}
		{AC666B89-91A8-4890-877B-52A0AA15F75F} = {0D051267-F91A-4BF1-83E0-F3B2E70C7ACD}
		{A7108A50-1F71-4034-9E95-99241428CD96} = {0D051267-F91A-4BF1-83E0-F3B2E70C7ACD}
		{076783ED-6D59-4C02-AA62-B4C6DD19003C} = {25676C94-0B50-4F87-B917-BB8581DEC372}
		{6A0CAC4F-BAD2-4AE3-98F5-6F52F6E96ABD} = {25676C94-0B50-4F87-B917-BB8581DEC372}
		{EAFE605D-0208-42DB-B991-AD1886AAEC18} = {87A94579-754D-4ADD-8E5C-A7040CC553EE}
		{959C4113-C9FB-43E6-BA03-D5ECEC3AD900} = {EAFE605D-0208-42DB-B991-AD1886AAEC18}
		{68755265-71CF-42B4-BF51-BA8C76DF9672} = {87A94579-754D-4ADD-8E5C-A7040CC553EE}
		{A58BA79C-6BB5-476F-AF21-A9EFCFE1D928} = {68755265-71CF-42B4-BF51-BA8C76DF9672}
		{2D231B40-2EC1-4EB1-A6A3-ECA6E22A9EC7} = {87A94579-754D-4ADD-8E5C-A7040CC553EE}
		{3E2AA431-C5CD-4CCC-987D-B91AD10CA8D3} = {2D231B40-2EC1-4EB1-A6A3-ECA6E22A9EC7}
	EndGlobalSection
	GlobalSection(ExtensibilityGlobals) = postSolution
		SolutionGuid = {D1517D07-67AC-4B0E-8C59-AA2D45A8CC62}
	EndGlobalSection
EndGlobal
